
Microsoft Visual Studio Solution File, Format Version 12.00
# Visual Studio Version 16
VisualStudioVersion = 16.0.30011.22
MinimumVisualStudioVersion = 10.0.40219.1
Project("{FAE04EC0-301F-11D3-BF4B-00C04F79EFBC}") = "CRUDStudents", "CRUDStudents\CRUDStudents.csproj", "{C5B629B2-7ECB-42EB-8D89-2B49399AA9C5}"
EndProject
Global
	GlobalSection(SolutionConfigurationPlatforms) = preSolution
		Debug|Any CPU = Debug|Any CPU
		Release|Any CPU = Release|Any CPU
	EndGlobalSection
	GlobalSection(ProjectConfigurationPlatforms) = postSolution
		{C5B629B2-7ECB-42EB-8D89-2B49399AA9C5}.Debug|Any CPU.ActiveCfg = Debug|Any CPU
		{C5B629B2-7ECB-42EB-8D89-2B49399AA9C5}.Debug|Any CPU.Build.0 = Debug|Any CPU
		{C5B629B2-7ECB-42EB-8D89-2B49399AA9C5}.Release|Any CPU.ActiveCfg = Release|Any CPU
		{C5B629B2-7ECB-42EB-8D89-2B49399AA9C5}.Release|Any CPU.Build.0 = Release|Any CPU
	EndGlobalSection
	GlobalSection(SolutionProperties) = preSolution
		HideSolutionNode = FALSE
	EndGlobalSection
	GlobalSection(ExtensibilityGlobals) = postSolution
		SolutionGuid = {49AE6CF4-0240-49D4-87F9-17AC665154C3}
	EndGlobalSection
EndGlobal
